
Microsoft Visual Studio Solution File, Format Version 12.00
# Visual Studio Version 16
VisualStudioVersion = 16.0.30002.166
MinimumVisualStudioVersion = 10.0.40219.1
Project("{9092AA53-FB77-4645-B42D-1CCCA6BD08BD}") = "ProductivityTools.KsiegiWieczyste.API", "ProductivityTools.KsiegiWieczyste.API\ProductivityTools.KsiegiWieczyste.API.njsproj", "{5DFFF05F-47B9-4190-AC6B-B6149820D8EF}"
EndProject
Global
	GlobalSection(SolutionConfigurationPlatforms) = preSolution
		Debug|Any CPU = Debug|Any CPU
		Release|Any CPU = Release|Any CPU
	EndGlobalSection
	GlobalSection(ProjectConfigurationPlatforms) = postSolution
		{5DFFF05F-47B9-4190-AC6B-B6149820D8EF}.Debug|Any CPU.ActiveCfg = Debug|Any CPU
		{5DFFF05F-47B9-4190-AC6B-B6149820D8EF}.Debug|Any CPU.Build.0 = Debug|Any CPU
		{5DFFF05F-47B9-4190-AC6B-B6149820D8EF}.Release|Any CPU.ActiveCfg = Release|Any CPU
		{5DFFF05F-47B9-4190-AC6B-B6149820D8EF}.Release|Any CPU.Build.0 = Release|Any CPU
	EndGlobalSection
	GlobalSection(SolutionProperties) = preSolution
		HideSolutionNode = FALSE
	EndGlobalSection
	GlobalSection(ExtensibilityGlobals) = postSolution
		SolutionGuid = {FC165F4C-369F-402D-8778-8EC8BD120185}
	EndGlobalSection
EndGlobal
